// !$*UTF8*$!
{
	archiveVersion = 1;
	classes = {
	};
	objectVersion = 46;
	objects = {

/* Begin PBXBuildFile section */
		20191C4E1988635B00D5BF89 /* AppDelegate.swift in Sources */ = {isa = PBXBuildFile; fileRef = 20191C4D1988635B00D5BF89 /* AppDelegate.swift */; };
		20191C541988635B00D5BF89 /* GameViewController.swift in Sources */ = {isa = PBXBuildFile; fileRef = 20191C531988635B00D5BF89 /* GameViewController.swift */; };
		20191C571988635B00D5BF89 /* Main.storyboard in Resources */ = {isa = PBXBuildFile; fileRef = 20191C551988635B00D5BF89 /* Main.storyboard */; };
		20191C591988635B00D5BF89 /* Images.xcassets in Resources */ = {isa = PBXBuildFile; fileRef = 20191C581988635B00D5BF89 /* Images.xcassets */; };
		20191C651988635B00D5BF89 /* SpaceCatSwiftTests.swift in Sources */ = {isa = PBXBuildFile; fileRef = 20191C641988635B00D5BF89 /* SpaceCatSwiftTests.swift */; };
		20191C701988659500D5BF89 /* Sprites.atlas in Resources */ = {isa = PBXBuildFile; fileRef = 20191C6F1988659500D5BF89 /* Sprites.atlas */; };
		20191C79198865C400D5BF89 /* GameOver.mp3 in Resources */ = {isa = PBXBuildFile; fileRef = 20191C72198865C400D5BF89 /* GameOver.mp3 */; };
		20191C7A198865C400D5BF89 /* Gameplay.mp3 in Resources */ = {isa = PBXBuildFile; fileRef = 20191C73198865C400D5BF89 /* Gameplay.mp3 */; };
		20191C7B198865C400D5BF89 /* StartScreen.mp3 in Resources */ = {isa = PBXBuildFile; fileRef = 20191C74198865C400D5BF89 /* StartScreen.mp3 */; };
		20191C7C198865C400D5BF89 /* Damage.caf in Resources */ = {isa = PBXBuildFile; fileRef = 20191C75198865C400D5BF89 /* Damage.caf */; };
		20191C7D198865C400D5BF89 /* Explode.caf in Resources */ = {isa = PBXBuildFile; fileRef = 20191C76198865C400D5BF89 /* Explode.caf */; };
		20191C7E198865C400D5BF89 /* Laser.caf in Resources */ = {isa = PBXBuildFile; fileRef = 20191C77198865C400D5BF89 /* Laser.caf */; };
		20191C7F198865C400D5BF89 /* PressStart.caf in Resources */ = {isa = PBXBuildFile; fileRef = 20191C78198865C400D5BF89 /* PressStart.caf */; };
		20191C841988666200D5BF89 /* TitleScene.swift in Sources */ = {isa = PBXBuildFile; fileRef = 20191C831988666200D5BF89 /* TitleScene.swift */; };
/* End PBXBuildFile section */

/* Begin PBXContainerItemProxy section */
		20191C5F1988635B00D5BF89 /* PBXContainerItemProxy */ = {
			isa = PBXContainerItemProxy;
			containerPortal = 20191C401988635B00D5BF89 /* Project object */;
			proxyType = 1;
			remoteGlobalIDString = 20191C471988635B00D5BF89;
			remoteInfo = SpaceCatSwift;
		};
/* End PBXContainerItemProxy section */

/* Begin PBXFileReference section */
		20191C481988635B00D5BF89 /* SpaceCatSwift.app */ = {isa = PBXFileReference; explicitFileType = wrapper.application; includeInIndex = 0; path = SpaceCatSwift.app; sourceTree = BUILT_PRODUCTS_DIR; };
		20191C4C1988635B00D5BF89 /* Info.plist */ = {isa = PBXFileReference; lastKnownFileType = text.plist.xml; path = Info.plist; sourceTree = "<group>"; };
		20191C4D1988635B00D5BF89 /* AppDelegate.swift */ = {isa = PBXFileReference; lastKnownFileType = sourcecode.swift; path = AppDelegate.swift; sourceTree = "<group>"; };
		20191C531988635B00D5BF89 /* GameViewController.swift */ = {isa = PBXFileReference; lastKnownFileType = sourcecode.swift; path = GameViewController.swift; sourceTree = "<group>"; };
		20191C561988635B00D5BF89 /* Base */ = {isa = PBXFileReference; lastKnownFileType = file.storyboard; name = Base; path = Base.lproj/Main.storyboard; sourceTree = "<group>"; };
		20191C581988635B00D5BF89 /* Images.xcassets */ = {isa = PBXFileReference; lastKnownFileType = folder.assetcatalog; path = Images.xcassets; sourceTree = "<group>"; };
		20191C5E1988635B00D5BF89 /* SpaceCatSwiftTests.xctest */ = {isa = PBXFileReference; explicitFileType = wrapper.cfbundle; includeInIndex = 0; path = SpaceCatSwiftTests.xctest; sourceTree = BUILT_PRODUCTS_DIR; };
		20191C631988635B00D5BF89 /* Info.plist */ = {isa = PBXFileReference; lastKnownFileType = text.plist.xml; path = Info.plist; sourceTree = "<group>"; };
		20191C641988635B00D5BF89 /* SpaceCatSwiftTests.swift */ = {isa = PBXFileReference; lastKnownFileType = sourcecode.swift; path = SpaceCatSwiftTests.swift; sourceTree = "<group>"; };
		20191C6F1988659500D5BF89 /* Sprites.atlas */ = {isa = PBXFileReference; lastKnownFileType = folder.skatlas; path = Sprites.atlas; sourceTree = "<group>"; };
		20191C72198865C400D5BF89 /* GameOver.mp3 */ = {isa = PBXFileReference; lastKnownFileType = audio.mp3; path = GameOver.mp3; sourceTree = "<group>"; };
		20191C73198865C400D5BF89 /* Gameplay.mp3 */ = {isa = PBXFileReference; lastKnownFileType = audio.mp3; path = Gameplay.mp3; sourceTree = "<group>"; };
		20191C74198865C400D5BF89 /* StartScreen.mp3 */ = {isa = PBXFileReference; lastKnownFileType = audio.mp3; path = StartScreen.mp3; sourceTree = "<group>"; };
		20191C75198865C400D5BF89 /* Damage.caf */ = {isa = PBXFileReference; lastKnownFileType = file; path = Damage.caf; sourceTree = "<group>"; };
		20191C76198865C400D5BF89 /* Explode.caf */ = {isa = PBXFileReference; lastKnownFileType = file; path = Explode.caf; sourceTree = "<group>"; };
		20191C77198865C400D5BF89 /* Laser.caf */ = {isa = PBXFileReference; lastKnownFileType = file; path = Laser.caf; sourceTree = "<group>"; };
		20191C78198865C400D5BF89 /* PressStart.caf */ = {isa = PBXFileReference; lastKnownFileType = file; path = PressStart.caf; sourceTree = "<group>"; };
		20191C831988666200D5BF89 /* TitleScene.swift */ = {isa = PBXFileReference; fileEncoding = 4; lastKnownFileType = sourcecode.swift; path = TitleScene.swift; sourceTree = "<group>"; };
/* End PBXFileReference section */

/* Begin PBXFrameworksBuildPhase section */
		20191C451988635B00D5BF89 /* Frameworks */ = {
			isa = PBXFrameworksBuildPhase;
			buildActionMask = 2147483647;
			files = (
			);
			runOnlyForDeploymentPostprocessing = 0;
		};
		20191C5B1988635B00D5BF89 /* Frameworks */ = {
			isa = PBXFrameworksBuildPhase;
			buildActionMask = 2147483647;
			files = (
			);
			runOnlyForDeploymentPostprocessing = 0;
		};
/* End PBXFrameworksBuildPhase section */

/* Begin PBXGroup section */
		20191C3F1988635B00D5BF89 = {
			isa = PBXGroup;
			children = (
				20191C4A1988635B00D5BF89 /* SpaceCatSwift */,
				20191C611988635B00D5BF89 /* SpaceCatSwiftTests */,
				20191C491988635B00D5BF89 /* Products */,
			);
			sourceTree = "<group>";
		};
		20191C491988635B00D5BF89 /* Products */ = {
			isa = PBXGroup;
			children = (
				20191C481988635B00D5BF89 /* SpaceCatSwift.app */,
				20191C5E1988635B00D5BF89 /* SpaceCatSwiftTests.xctest */,
			);
			name = Products;
			sourceTree = "<group>";
		};
		20191C4A1988635B00D5BF89 /* SpaceCatSwift */ = {
			isa = PBXGroup;
			children = (
				20191C4D1988635B00D5BF89 /* AppDelegate.swift */,
				20191C82198865EB00D5BF89 /* Storyboards */,
				20191C81198865E400D5BF89 /* Controllers */,
				20191C80198865D200D5BF89 /* Scenes */,
				20191C71198865B200D5BF89 /* Sounds */,
				20191C6E198864D100D5BF89 /* Resources */,
				20191C4B1988635B00D5BF89 /* Supporting Files */,
			);
			path = SpaceCatSwift;
			sourceTree = "<group>";
		};
		20191C4B1988635B00D5BF89 /* Supporting Files */ = {
			isa = PBXGroup;
			children = (
				20191C4C1988635B00D5BF89 /* Info.plist */,
			);
			name = "Supporting Files";
			sourceTree = "<group>";
		};
		20191C611988635B00D5BF89 /* SpaceCatSwiftTests */ = {
			isa = PBXGroup;
			children = (
				20191C641988635B00D5BF89 /* SpaceCatSwiftTests.swift */,
				20191C621988635B00D5BF89 /* Supporting Files */,
			);
			path = SpaceCatSwiftTests;
			sourceTree = "<group>";
		};
		20191C621988635B00D5BF89 /* Supporting Files */ = {
			isa = PBXGroup;
			children = (
				20191C631988635B00D5BF89 /* Info.plist */,
			);
			name = "Supporting Files";
			sourceTree = "<group>";
		};
		20191C6E198864D100D5BF89 /* Resources */ = {
			isa = PBXGroup;
			children = (
				20191C6F1988659500D5BF89 /* Sprites.atlas */,
				20191C581988635B00D5BF89 /* Images.xcassets */,
			);
			name = Resources;
			sourceTree = "<group>";
		};
		20191C71198865B200D5BF89 /* Sounds */ = {
			isa = PBXGroup;
			children = (
				20191C72198865C400D5BF89 /* GameOver.mp3 */,
				20191C73198865C400D5BF89 /* Gameplay.mp3 */,
				20191C74198865C400D5BF89 /* StartScreen.mp3 */,
				20191C75198865C400D5BF89 /* Damage.caf */,
				20191C76198865C400D5BF89 /* Explode.caf */,
				20191C77198865C400D5BF89 /* Laser.caf */,
				20191C78198865C400D5BF89 /* PressStart.caf */,
			);
			name = Sounds;
			sourceTree = "<group>";
		};
		20191C80198865D200D5BF89 /* Scenes */ = {
			isa = PBXGroup;
			children = (
				20191C831988666200D5BF89 /* TitleScene.swift */,
			);
			name = Scenes;
			sourceTree = "<group>";
		};
		20191C81198865E400D5BF89 /* Controllers */ = {
			isa = PBXGroup;
			children = (
				20191C531988635B00D5BF89 /* GameViewController.swift */,
			);
			name = Controllers;
			sourceTree = "<group>";
		};
		20191C82198865EB00D5BF89 /* Storyboards */ = {
			isa = PBXGroup;
			children = (
				20191C551988635B00D5BF89 /* Main.storyboard */,
			);
			name = Storyboards;
			sourceTree = "<group>";
		};
/* End PBXGroup section */

/* Begin PBXNativeTarget section */
		20191C471988635B00D5BF89 /* SpaceCatSwift */ = {
			isa = PBXNativeTarget;
			buildConfigurationList = 20191C681988635B00D5BF89 /* Build configuration list for PBXNativeTarget "SpaceCatSwift" */;
			buildPhases = (
				20191C441988635B00D5BF89 /* Sources */,
				20191C451988635B00D5BF89 /* Frameworks */,
				20191C461988635B00D5BF89 /* Resources */,
			);
			buildRules = (
			);
			dependencies = (
			);
			name = SpaceCatSwift;
			productName = SpaceCatSwift;
			productReference = 20191C481988635B00D5BF89 /* SpaceCatSwift.app */;
			productType = "com.apple.product-type.application";
		};
		20191C5D1988635B00D5BF89 /* SpaceCatSwiftTests */ = {
			isa = PBXNativeTarget;
			buildConfigurationList = 20191C6B1988635B00D5BF89 /* Build configuration list for PBXNativeTarget "SpaceCatSwiftTests" */;
			buildPhases = (
				20191C5A1988635B00D5BF89 /* Sources */,
				20191C5B1988635B00D5BF89 /* Frameworks */,
				20191C5C1988635B00D5BF89 /* Resources */,
			);
			buildRules = (
			);
			dependencies = (
				20191C601988635B00D5BF89 /* PBXTargetDependency */,
			);
			name = SpaceCatSwiftTests;
			productName = SpaceCatSwiftTests;
			productReference = 20191C5E1988635B00D5BF89 /* SpaceCatSwiftTests.xctest */;
			productType = "com.apple.product-type.bundle.unit-test";
		};
/* End PBXNativeTarget section */

/* Begin PBXProject section */
		20191C401988635B00D5BF89 /* Project object */ = {
			isa = PBXProject;
			attributes = {
				LastUpgradeCheck = 0600;
				ORGANIZATIONNAME = "Thiago Lioy";
				TargetAttributes = {
					20191C471988635B00D5BF89 = {
						CreatedOnToolsVersion = 6.0;
					};
					20191C5D1988635B00D5BF89 = {
						CreatedOnToolsVersion = 6.0;
						TestTargetID = 20191C471988635B00D5BF89;
					};
				};
			};
			buildConfigurationList = 20191C431988635B00D5BF89 /* Build configuration list for PBXProject "SpaceCatSwift" */;
			compatibilityVersion = "Xcode 3.2";
			developmentRegion = English;
			hasScannedForEncodings = 0;
			knownRegions = (
				en,
				Base,
			);
			mainGroup = 20191C3F1988635B00D5BF89;
			productRefGroup = 20191C491988635B00D5BF89 /* Products */;
			projectDirPath = "";
			projectRoot = "";
			targets = (
				20191C471988635B00D5BF89 /* SpaceCatSwift */,
				20191C5D1988635B00D5BF89 /* SpaceCatSwiftTests */,
			);
		};
/* End PBXProject section */

/* Begin PBXResourcesBuildPhase section */
		20191C461988635B00D5BF89 /* Resources */ = {
			isa = PBXResourcesBuildPhase;
			buildActionMask = 2147483647;
			files = (
				20191C591988635B00D5BF89 /* Images.xcassets in Resources */,
				20191C7D198865C400D5BF89 /* Explode.caf in Resources */,
				20191C7C198865C400D5BF89 /* Damage.caf in Resources */,
				20191C7E198865C400D5BF89 /* Laser.caf in Resources */,
				20191C701988659500D5BF89 /* Sprites.atlas in Resources */,
				20191C7F198865C400D5BF89 /* PressStart.caf in Resources */,
				20191C571988635B00D5BF89 /* Main.storyboard in Resources */,
				20191C7A198865C400D5BF89 /* Gameplay.mp3 in Resources */,
				20191C7B198865C400D5BF89 /* StartScreen.mp3 in Resources */,
				20191C79198865C400D5BF89 /* GameOver.mp3 in Resources */,
			);
			runOnlyForDeploymentPostprocessing = 0;
		};
		20191C5C1988635B00D5BF89 /* Resources */ = {
			isa = PBXResourcesBuildPhase;
			buildActionMask = 2147483647;
			files = (
			);
			runOnlyForDeploymentPostprocessing = 0;
		};
/* End PBXResourcesBuildPhase section */

/* Begin PBXSourcesBuildPhase section */
		20191C441988635B00D5BF89 /* Sources */ = {
			isa = PBXSourcesBuildPhase;
			buildActionMask = 2147483647;
			files = (
				20191C541988635B00D5BF89 /* GameViewController.swift in Sources */,
				20191C4E1988635B00D5BF89 /* AppDelegate.swift in Sources */,
				20191C841988666200D5BF89 /* TitleScene.swift in Sources */,
			);
			runOnlyForDeploymentPostprocessing = 0;
		};
		20191C5A1988635B00D5BF89 /* Sources */ = {
			isa = PBXSourcesBuildPhase;
			buildActionMask = 2147483647;
			files = (
				20191C651988635B00D5BF89 /* SpaceCatSwiftTests.swift in Sources */,
			);
			runOnlyForDeploymentPostprocessing = 0;
		};
/* End PBXSourcesBuildPhase section */

/* Begin PBXTargetDependency section */
		20191C601988635B00D5BF89 /* PBXTargetDependency */ = {
			isa = PBXTargetDependency;
			target = 20191C471988635B00D5BF89 /* SpaceCatSwift */;
			targetProxy = 20191C5F1988635B00D5BF89 /* PBXContainerItemProxy */;
		};
/* End PBXTargetDependency section */

/* Begin PBXVariantGroup section */
		20191C551988635B00D5BF89 /* Main.storyboard */ = {
			isa = PBXVariantGroup;
			children = (
				20191C561988635B00D5BF89 /* Base */,
			);
			name = Main.storyboard;
			sourceTree = "<group>";
		};
/* End PBXVariantGroup section */

/* Begin XCBuildConfiguration section */
		20191C661988635B00D5BF89 /* Debug */ = {
			isa = XCBuildConfiguration;
			buildSettings = {
				ALWAYS_SEARCH_USER_PATHS = NO;
				CLANG_CXX_LANGUAGE_STANDARD = "gnu++0x";
				CLANG_CXX_LIBRARY = "libc++";
				CLANG_ENABLE_MODULES = YES;
				CLANG_ENABLE_OBJC_ARC = YES;
				CLANG_WARN_BOOL_CONVERSION = YES;
				CLANG_WARN_CONSTANT_CONVERSION = YES;
				CLANG_WARN_DIRECT_OBJC_ISA_USAGE = YES_ERROR;
				CLANG_WARN_EMPTY_BODY = YES;
				CLANG_WARN_ENUM_CONVERSION = YES;
				CLANG_WARN_INT_CONVERSION = YES;
				CLANG_WARN_OBJC_ROOT_CLASS = YES_ERROR;
				CLANG_WARN_UNREACHABLE_CODE = YES;
				CLANG_WARN__DUPLICATE_METHOD_MATCH = YES;
				"CODE_SIGN_IDENTITY[sdk=iphoneos*]" = "iPhone Developer";
				COPY_PHASE_STRIP = NO;
				ENABLE_STRICT_OBJC_MSGSEND = YES;
				GCC_C_LANGUAGE_STANDARD = gnu99;
				GCC_DYNAMIC_NO_PIC = NO;
				GCC_OPTIMIZATION_LEVEL = 0;
				GCC_PREPROCESSOR_DEFINITIONS = (
					"DEBUG=1",
					"$(inherited)",
				);
				GCC_SYMBOLS_PRIVATE_EXTERN = NO;
				GCC_WARN_64_TO_32_BIT_CONVERSION = YES;
				GCC_WARN_ABOUT_RETURN_TYPE = YES_ERROR;
				GCC_WARN_UNDECLARED_SELECTOR = YES;
				GCC_WARN_UNINITIALIZED_AUTOS = YES_AGGRESSIVE;
				GCC_WARN_UNUSED_FUNCTION = YES;
				GCC_WARN_UNUSED_VARIABLE = YES;
				IPHONEOS_DEPLOYMENT_TARGET = 8.0;
				MTL_ENABLE_DEBUG_INFO = YES;
				ONLY_ACTIVE_ARCH = YES;
				SDKROOT = iphoneos;
				SWIFT_OPTIMIZATION_LEVEL = "-Onone";
			};
			name = Debug;
		};
		20191C671988635B00D5BF89 /* Release */ = {
			isa = XCBuildConfiguration;
			buildSettings = {
				ALWAYS_SEARCH_USER_PATHS = NO;
				CLANG_CXX_LANGUAGE_STANDARD = "gnu++0x";
				CLANG_CXX_LIBRARY = "libc++";
				CLANG_ENABLE_MODULES = YES;
				CLANG_ENABLE_OBJC_ARC = YES;
				CLANG_WARN_BOOL_CONVERSION = YES;
				CLANG_WARN_CONSTANT_CONVERSION = YES;
				CLANG_WARN_DIRECT_OBJC_ISA_USAGE = YES_ERROR;
				CLANG_WARN_EMPTY_BODY = YES;
				CLANG_WARN_ENUM_CONVERSION = YES;
				CLANG_WARN_INT_CONVERSION = YES;
				CLANG_WARN_OBJC_ROOT_CLASS = YES_ERROR;
				CLANG_WARN_UNREACHABLE_CODE = YES;
				CLANG_WARN__DUPLICATE_METHOD_MATCH = YES;
				"CODE_SIGN_IDENTITY[sdk=iphoneos*]" = "iPhone Developer";
				COPY_PHASE_STRIP = YES;
				ENABLE_NS_ASSERTIONS = NO;
				ENABLE_STRICT_OBJC_MSGSEND = YES;
				GCC_C_LANGUAGE_STANDARD = gnu99;
				GCC_WARN_64_TO_32_BIT_CONVERSION = YES;
				GCC_WARN_ABOUT_RETURN_TYPE = YES_ERROR;
				GCC_WARN_UNDECLARED_SELECTOR = YES;
				GCC_WARN_UNINITIALIZED_AUTOS = YES_AGGRESSIVE;
				GCC_WARN_UNUSED_FUNCTION = YES;
				GCC_WARN_UNUSED_VARIABLE = YES;
				IPHONEOS_DEPLOYMENT_TARGET = 8.0;
				MTL_ENABLE_DEBUG_INFO = NO;
				SDKROOT = iphoneos;
				VALIDATE_PRODUCT = YES;
			};
			name = Release;
		};
		20191C691988635B00D5BF89 /* Debug */ = {
			isa = XCBuildConfiguration;
			buildSettings = {
				ASSETCATALOG_COMPILER_APPICON_NAME = AppIcon;
				ASSETCATALOG_COMPILER_LAUNCHIMAGE_NAME = LaunchImage;
				INFOPLIST_FILE = SpaceCatSwift/Info.plist;
				LD_RUNPATH_SEARCH_PATHS = "$(inherited) @executable_path/Frameworks";
				PRODUCT_NAME = "$(TARGET_NAME)";
			};
			name = Debug;
		};
		20191C6A1988635B00D5BF89 /* Release */ = {
			isa = XCBuildConfiguration;
			buildSettings = {
				ASSETCATALOG_COMPILER_APPICON_NAME = AppIcon;
				ASSETCATALOG_COMPILER_LAUNCHIMAGE_NAME = LaunchImage;
				INFOPLIST_FILE = SpaceCatSwift/Info.plist;
				LD_RUNPATH_SEARCH_PATHS = "$(inherited) @executable_path/Frameworks";
				PRODUCT_NAME = "$(TARGET_NAME)";
			};
			name = Release;
		};
		20191C6C1988635B00D5BF89 /* Debug */ = {
			isa = XCBuildConfiguration;
			buildSettings = {
				BUNDLE_LOADER = "$(BUILT_PRODUCTS_DIR)/SpaceCatSwift.app/SpaceCatSwift";
				FRAMEWORK_SEARCH_PATHS = (
					"$(SDKROOT)/Developer/Library/Frameworks",
					"$(inherited)",
				);
				GCC_PREPROCESSOR_DEFINITIONS = (
					"DEBUG=1",
					"$(inherited)",
				);
				INFOPLIST_FILE = SpaceCatSwiftTests/Info.plist;
				LD_RUNPATH_SEARCH_PATHS = "$(inherited) @executable_path/Frameworks @loader_path/Frameworks";
				PRODUCT_NAME = "$(TARGET_NAME)";
				TEST_HOST = "$(BUNDLE_LOADER)";
			};
			name = Debug;
		};
		20191C6D1988635B00D5BF89 /* Release */ = {
			isa = XCBuildConfiguration;
			buildSettings = {
				BUNDLE_LOADER = "$(BUILT_PRODUCTS_DIR)/SpaceCatSwift.app/SpaceCatSwift";
				FRAMEWORK_SEARCH_PATHS = (
					"$(SDKROOT)/Developer/Library/Frameworks",
					"$(inherited)",
				);
				INFOPLIST_FILE = SpaceCatSwiftTests/Info.plist;
				LD_RUNPATH_SEARCH_PATHS = "$(inherited) @executable_path/Frameworks @loader_path/Frameworks";
				PRODUCT_NAME = "$(TARGET_NAME)";
				TEST_HOST = "$(BUNDLE_LOADER)";
			};
			name = Release;
		};
/* End XCBuildConfiguration section */

/* Begin XCConfigurationList section */
		20191C431988635B00D5BF89 /* Build configuration list for PBXProject "SpaceCatSwift" */ = {
			isa = XCConfigurationList;
			buildConfigurations = (
				20191C661988635B00D5BF89 /* Debug */,
				20191C671988635B00D5BF89 /* Release */,
			);
			defaultConfigurationIsVisible = 0;
			defaultConfigurationName = Release;
		};
		20191C681988635B00D5BF89 /* Build configuration list for PBXNativeTarget "SpaceCatSwift" */ = {
			isa = XCConfigurationList;
			buildConfigurations = (
				20191C691988635B00D5BF89 /* Debug */,
				20191C6A1988635B00D5BF89 /* Release */,
			);
			defaultConfigurationIsVisible = 0;
			defaultConfigurationName = Release;
		};
		20191C6B1988635B00D5BF89 /* Build configuration list for PBXNativeTarget "SpaceCatSwiftTests" */ = {
			isa = XCConfigurationList;
			buildConfigurations = (
				20191C6C1988635B00D5BF89 /* Debug */,
				20191C6D1988635B00D5BF89 /* Release */,
			);
			defaultConfigurationIsVisible = 0;
			defaultConfigurationName = Release;
		};
/* End XCConfigurationList section */
	};
	rootObject = 20191C401988635B00D5BF89 /* Project object */;
}
